// !$*UTF8*$!
{
	archiveVersion = 1;
	classes = {
	};
	objectVersion = 46;
	objects = {

/* Begin PBXBuildFile section */
		3B0588721B41C9980018D854 /* Photographer.m in Sources */ = {isa = PBXBuildFile; fileRef = 3B0588711B41C9980018D854 /* Photographer.m */; };
		3B0588761B41CA180018D854 /* CoreDataHelper.m in Sources */ = {isa = PBXBuildFile; fileRef = 3B0588751B41CA180018D854 /* CoreDataHelper.m */; };
		3B10AF381B3997C3004B1AF8 /* main.m in Sources */ = {isa = PBXBuildFile; fileRef = 3B10AF371B3997C3004B1AF8 /* main.m */; };
		3B10AF3B1B3997C3004B1AF8 /* AppDelegate.m in Sources */ = {isa = PBXBuildFile; fileRef = 3B10AF3A1B3997C3004B1AF8 /* AppDelegate.m */; };
		3B10AF3E1B3997C3004B1AF8 /* ViewController.m in Sources */ = {isa = PBXBuildFile; fileRef = 3B10AF3D1B3997C3004B1AF8 /* ViewController.m */; };
		3B10AF411B3997C3004B1AF8 /* Main.storyboard in Resources */ = {isa = PBXBuildFile; fileRef = 3B10AF3F1B3997C3004B1AF8 /* Main.storyboard */; };
		3B10AF431B3997C3004B1AF8 /* Images.xcassets in Resources */ = {isa = PBXBuildFile; fileRef = 3B10AF421B3997C3004B1AF8 /* Images.xcassets */; };
		3B10AF461B3997C3004B1AF8 /* LaunchScreen.xib in Resources */ = {isa = PBXBuildFile; fileRef = 3B10AF441B3997C3004B1AF8 /* LaunchScreen.xib */; };
		3B10AF521B3997C3004B1AF8 /* ExampleAppTests.m in Sources */ = {isa = PBXBuildFile; fileRef = 3B10AF511B3997C3004B1AF8 /* ExampleAppTests.m */; };
		3B10AF5D1B399943004B1AF8 /* JumpInViewController.m in Sources */ = {isa = PBXBuildFile; fileRef = 3B10AF5C1B399943004B1AF8 /* JumpInViewController.m */; };
		3B10AF601B39AFBF004B1AF8 /* CameraViewController.m in Sources */ = {isa = PBXBuildFile; fileRef = 3B10AF5F1B39AFBF004B1AF8 /* CameraViewController.m */; };
		3B7A25F41B3B366400C3E6A5 /* ScrollingPageViewController.m in Sources */ = {isa = PBXBuildFile; fileRef = 3B7A25F31B3B366400C3E6A5 /* ScrollingPageViewController.m */; };
		3BCF1A8D1B42F7000058AB9E /* ViewHelper.m in Sources */ = {isa = PBXBuildFile; fileRef = 3BCF1A8C1B42F7000058AB9E /* ViewHelper.m */; };
		3BCF1A911B4318DE0058AB9E /* PhotoViewCell.m in Sources */ = {isa = PBXBuildFile; fileRef = 3BCF1A901B4318DE0058AB9E /* PhotoViewCell.m */; };
		3BCF1A961B4326830058AB9E /* PhotoTableView.m in Sources */ = {isa = PBXBuildFile; fileRef = 3BCF1A951B4326830058AB9E /* PhotoTableView.m */; };
		3BE5C9A31B446ADE005F63A7 /* ImageViewController.m in Sources */ = {isa = PBXBuildFile; fileRef = 3BE5C9A21B446ADE005F63A7 /* ImageViewController.m */; };
		3BE5D7451B3C545F00E5E9F2 /* SimpleViewController.m in Sources */ = {isa = PBXBuildFile; fileRef = 3BE5D7441B3C545F00E5E9F2 /* SimpleViewController.m */; };
		3BE5D7481B3C7D2100E5E9F2 /* TimeStampModel.xcdatamodeld in Sources */ = {isa = PBXBuildFile; fileRef = 3BE5D7461B3C7D2100E5E9F2 /* TimeStampModel.xcdatamodeld */; };
		3BE5D74C1B3C7FA300E5E9F2 /* Photo.m in Sources */ = {isa = PBXBuildFile; fileRef = 3BE5D74B1B3C7FA300E5E9F2 /* Photo.m */; };
/* End PBXBuildFile section */

/* Begin PBXContainerItemProxy section */
		3B10AF4C1B3997C3004B1AF8 /* PBXContainerItemProxy */ = {
			isa = PBXContainerItemProxy;
			containerPortal = 3B10AF2A1B3997C3004B1AF8 /* Project object */;
			proxyType = 1;
			remoteGlobalIDString = 3B10AF311B3997C3004B1AF8;
			remoteInfo = ExampleApp;
		};
/* End PBXContainerItemProxy section */

/* Begin PBXFileReference section */
		3B0588701B41C9980018D854 /* Photographer.h */ = {isa = PBXFileReference; fileEncoding = 4; lastKnownFileType = sourcecode.c.h; path = Photographer.h; sourceTree = "<group>"; };
		3B0588711B41C9980018D854 /* Photographer.m */ = {isa = PBXFileReference; fileEncoding = 4; lastKnownFileType = sourcecode.c.objc; path = Photographer.m; sourceTree = "<group>"; };
		3B0588741B41CA180018D854 /* CoreDataHelper.h */ = {isa = PBXFileReference; fileEncoding = 4; lastKnownFileType = sourcecode.c.h; path = CoreDataHelper.h; sourceTree = "<group>"; };
		3B0588751B41CA180018D854 /* CoreDataHelper.m */ = {isa = PBXFileReference; fileEncoding = 4; lastKnownFileType = sourcecode.c.objc; path = CoreDataHelper.m; sourceTree = "<group>"; };
		3B10AF321B3997C3004B1AF8 /* ExampleApp.app */ = {isa = PBXFileReference; explicitFileType = wrapper.application; includeInIndex = 0; path = ExampleApp.app; sourceTree = BUILT_PRODUCTS_DIR; };
		3B10AF361B3997C3004B1AF8 /* Info.plist */ = {isa = PBXFileReference; lastKnownFileType = text.plist.xml; path = Info.plist; sourceTree = "<group>"; };
		3B10AF371B3997C3004B1AF8 /* main.m */ = {isa = PBXFileReference; lastKnownFileType = sourcecode.c.objc; path = main.m; sourceTree = "<group>"; };
		3B10AF391B3997C3004B1AF8 /* AppDelegate.h */ = {isa = PBXFileReference; lastKnownFileType = sourcecode.c.h; path = AppDelegate.h; sourceTree = "<group>"; };
		3B10AF3A1B3997C3004B1AF8 /* AppDelegate.m */ = {isa = PBXFileReference; lastKnownFileType = sourcecode.c.objc; path = AppDelegate.m; sourceTree = "<group>"; };
		3B10AF3C1B3997C3004B1AF8 /* ViewController.h */ = {isa = PBXFileReference; lastKnownFileType = sourcecode.c.h; path = ViewController.h; sourceTree = "<group>"; };
		3B10AF3D1B3997C3004B1AF8 /* ViewController.m */ = {isa = PBXFileReference; lastKnownFileType = sourcecode.c.objc; path = ViewController.m; sourceTree = "<group>"; };
		3B10AF401B3997C3004B1AF8 /* Base */ = {isa = PBXFileReference; lastKnownFileType = file.storyboard; name = Base; path = Base.lproj/Main.storyboard; sourceTree = "<group>"; };
		3B10AF421B3997C3004B1AF8 /* Images.xcassets */ = {isa = PBXFileReference; lastKnownFileType = folder.assetcatalog; path = Images.xcassets; sourceTree = "<group>"; };
		3B10AF451B3997C3004B1AF8 /* Base */ = {isa = PBXFileReference; lastKnownFileType = file.xib; name = Base; path = Base.lproj/LaunchScreen.xib; sourceTree = "<group>"; };
		3B10AF4B1B3997C3004B1AF8 /* ExampleAppTests.xctest */ = {isa = PBXFileReference; explicitFileType = wrapper.cfbundle; includeInIndex = 0; path = ExampleAppTests.xctest; sourceTree = BUILT_PRODUCTS_DIR; };
		3B10AF501B3997C3004B1AF8 /* Info.plist */ = {isa = PBXFileReference; lastKnownFileType = text.plist.xml; path = Info.plist; sourceTree = "<group>"; };
		3B10AF511B3997C3004B1AF8 /* ExampleAppTests.m */ = {isa = PBXFileReference; lastKnownFileType = sourcecode.c.objc; path = ExampleAppTests.m; sourceTree = "<group>"; };
		3B10AF5B1B399943004B1AF8 /* JumpInViewController.h */ = {isa = PBXFileReference; fileEncoding = 4; lastKnownFileType = sourcecode.c.h; path = JumpInViewController.h; sourceTree = "<group>"; };
		3B10AF5C1B399943004B1AF8 /* JumpInViewController.m */ = {isa = PBXFileReference; fileEncoding = 4; lastKnownFileType = sourcecode.c.objc; path = JumpInViewController.m; sourceTree = "<group>"; };
		3B10AF5E1B39AFBF004B1AF8 /* CameraViewController.h */ = {isa = PBXFileReference; fileEncoding = 4; lastKnownFileType = sourcecode.c.h; path = CameraViewController.h; sourceTree = "<group>"; };
		3B10AF5F1B39AFBF004B1AF8 /* CameraViewController.m */ = {isa = PBXFileReference; fileEncoding = 4; lastKnownFileType = sourcecode.c.objc; path = CameraViewController.m; sourceTree = "<group>"; };
		3B7A25F21B3B366400C3E6A5 /* ScrollingPageViewController.h */ = {isa = PBXFileReference; fileEncoding = 4; lastKnownFileType = sourcecode.c.h; path = ScrollingPageViewController.h; sourceTree = "<group>"; };
		3B7A25F31B3B366400C3E6A5 /* ScrollingPageViewController.m */ = {isa = PBXFileReference; fileEncoding = 4; lastKnownFileType = sourcecode.c.objc; path = ScrollingPageViewController.m; sourceTree = "<group>"; };
		3BCF1A8B1B42F7000058AB9E /* ViewHelper.h */ = {isa = PBXFileReference; fileEncoding = 4; lastKnownFileType = sourcecode.c.h; name = ViewHelper.h; path = ../ViewHelper.h; sourceTree = "<group>"; };
		3BCF1A8C1B42F7000058AB9E /* ViewHelper.m */ = {isa = PBXFileReference; fileEncoding = 4; lastKnownFileType = sourcecode.c.objc; name = ViewHelper.m; path = ../ViewHelper.m; sourceTree = "<group>"; };
		3BCF1A8F1B4318DE0058AB9E /* PhotoViewCell.h */ = {isa = PBXFileReference; fileEncoding = 4; lastKnownFileType = sourcecode.c.h; path = PhotoViewCell.h; sourceTree = "<group>"; };
		3BCF1A901B4318DE0058AB9E /* PhotoViewCell.m */ = {isa = PBXFileReference; fileEncoding = 4; lastKnownFileType = sourcecode.c.objc; path = PhotoViewCell.m; sourceTree = "<group>"; };
		3BCF1A941B4326830058AB9E /* PhotoTableView.h */ = {isa = PBXFileReference; fileEncoding = 4; lastKnownFileType = sourcecode.c.h; path = PhotoTableView.h; sourceTree = "<group>"; };
		3BCF1A951B4326830058AB9E /* PhotoTableView.m */ = {isa = PBXFileReference; fileEncoding = 4; lastKnownFileType = sourcecode.c.objc; path = PhotoTableView.m; sourceTree = "<group>"; };
		3BE5C9A11B446ADE005F63A7 /* ImageViewController.h */ = {isa = PBXFileReference; fileEncoding = 4; lastKnownFileType = sourcecode.c.h; path = ImageViewController.h; sourceTree = "<group>"; };
		3BE5C9A21B446ADE005F63A7 /* ImageViewController.m */ = {isa = PBXFileReference; fileEncoding = 4; lastKnownFileType = sourcecode.c.objc; path = ImageViewController.m; sourceTree = "<group>"; };
		3BE5D7431B3C545F00E5E9F2 /* SimpleViewController.h */ = {isa = PBXFileReference; fileEncoding = 4; lastKnownFileType = sourcecode.c.h; path = SimpleViewController.h; sourceTree = "<group>"; };
		3BE5D7441B3C545F00E5E9F2 /* SimpleViewController.m */ = {isa = PBXFileReference; fileEncoding = 4; lastKnownFileType = sourcecode.c.objc; path = SimpleViewController.m; sourceTree = "<group>"; };
		3BE5D7471B3C7D2100E5E9F2 /* TimeStampModel.xcdatamodel */ = {isa = PBXFileReference; lastKnownFileType = wrapper.xcdatamodel; path = TimeStampModel.xcdatamodel; sourceTree = "<group>"; };
		3BE5D74A1B3C7FA300E5E9F2 /* Photo.h */ = {isa = PBXFileReference; fileEncoding = 4; lastKnownFileType = sourcecode.c.h; path = Photo.h; sourceTree = "<group>"; };
		3BE5D74B1B3C7FA300E5E9F2 /* Photo.m */ = {isa = PBXFileReference; fileEncoding = 4; lastKnownFileType = sourcecode.c.objc; path = Photo.m; sourceTree = "<group>"; };
/* End PBXFileReference section */

/* Begin PBXFrameworksBuildPhase section */
		3B10AF2F1B3997C3004B1AF8 /* Frameworks */ = {
			isa = PBXFrameworksBuildPhase;
			buildActionMask = 2147483647;
			files = (
			);
			runOnlyForDeploymentPostprocessing = 0;
		};
		3B10AF481B3997C3004B1AF8 /* Frameworks */ = {
			isa = PBXFrameworksBuildPhase;
			buildActionMask = 2147483647;
			files = (
			);
			runOnlyForDeploymentPostprocessing = 0;
		};
/* End PBXFrameworksBuildPhase section */

/* Begin PBXGroup section */
		3B0588731B41C9B40018D854 /* Core Data */ = {
			isa = PBXGroup;
			children = (
				3B0588741B41CA180018D854 /* CoreDataHelper.h */,
				3B0588751B41CA180018D854 /* CoreDataHelper.m */,
			);
			name = "Core Data";
			sourceTree = "<group>";
		};
		3B10AF291B3997C3004B1AF8 = {
			isa = PBXGroup;
			children = (
				3B10AF341B3997C3004B1AF8 /* ExampleApp */,
				3B10AF4E1B3997C3004B1AF8 /* ExampleAppTests */,
				3B10AF331B3997C3004B1AF8 /* Products */,
			);
			sourceTree = "<group>";
		};
		3B10AF331B3997C3004B1AF8 /* Products */ = {
			isa = PBXGroup;
			children = (
				3B10AF321B3997C3004B1AF8 /* ExampleApp.app */,
				3B10AF4B1B3997C3004B1AF8 /* ExampleAppTests.xctest */,
			);
			name = Products;
			sourceTree = "<group>";
		};
		3B10AF341B3997C3004B1AF8 /* ExampleApp */ = {
			isa = PBXGroup;
			children = (
				3BCF1A8B1B42F7000058AB9E /* ViewHelper.h */,
				3BCF1A8C1B42F7000058AB9E /* ViewHelper.m */,
				3BCF1A931B4326120058AB9E /* Table Views */,
				3BCF1A921B4325CB0058AB9E /* Controllers */,
				3BCF1A8E1B4318B70058AB9E /* Table Cells */,
				3B0588731B41C9B40018D854 /* Core Data */,
				3BE5D7491B3C7F8400E5E9F2 /* Core Data Models */,
				3B10AF391B3997C3004B1AF8 /* AppDelegate.h */,
				3B10AF3A1B3997C3004B1AF8 /* AppDelegate.m */,
				3B10AF3F1B3997C3004B1AF8 /* Main.storyboard */,
				3B10AF421B3997C3004B1AF8 /* Images.xcassets */,
				3B10AF441B3997C3004B1AF8 /* LaunchScreen.xib */,
				3B10AF351B3997C3004B1AF8 /* Supporting Files */,
			);
			path = ExampleApp;
			sourceTree = "<group>";
		};
		3B10AF351B3997C3004B1AF8 /* Supporting Files */ = {
			isa = PBXGroup;
			children = (
				3B10AF361B3997C3004B1AF8 /* Info.plist */,
				3B10AF371B3997C3004B1AF8 /* main.m */,
			);
			name = "Supporting Files";
			sourceTree = "<group>";
		};
		3B10AF4E1B3997C3004B1AF8 /* ExampleAppTests */ = {
			isa = PBXGroup;
			children = (
				3B10AF511B3997C3004B1AF8 /* ExampleAppTests.m */,
				3B10AF4F1B3997C3004B1AF8 /* Supporting Files */,
			);
			path = ExampleAppTests;
			sourceTree = "<group>";
		};
		3B10AF4F1B3997C3004B1AF8 /* Supporting Files */ = {
			isa = PBXGroup;
			children = (
				3B10AF501B3997C3004B1AF8 /* Info.plist */,
			);
			name = "Supporting Files";
			sourceTree = "<group>";
		};
		3BCF1A8E1B4318B70058AB9E /* Table Cells */ = {
			isa = PBXGroup;
			children = (
				3BCF1A8F1B4318DE0058AB9E /* PhotoViewCell.h */,
				3BCF1A901B4318DE0058AB9E /* PhotoViewCell.m */,
			);
			name = "Table Cells";
			sourceTree = "<group>";
		};
		3BCF1A921B4325CB0058AB9E /* Controllers */ = {
			isa = PBXGroup;
			children = (
				3B10AF3C1B3997C3004B1AF8 /* ViewController.h */,
				3B10AF3D1B3997C3004B1AF8 /* ViewController.m */,
				3B10AF5B1B399943004B1AF8 /* JumpInViewController.h */,
				3B10AF5C1B399943004B1AF8 /* JumpInViewController.m */,
				3BE5D7431B3C545F00E5E9F2 /* SimpleViewController.h */,
				3BE5D7441B3C545F00E5E9F2 /* SimpleViewController.m */,
				3B7A25F21B3B366400C3E6A5 /* ScrollingPageViewController.h */,
				3B7A25F31B3B366400C3E6A5 /* ScrollingPageViewController.m */,
				3B10AF5E1B39AFBF004B1AF8 /* CameraViewController.h */,
				3B10AF5F1B39AFBF004B1AF8 /* CameraViewController.m */,
				3BE5C9A11B446ADE005F63A7 /* ImageViewController.h */,
				3BE5C9A21B446ADE005F63A7 /* ImageViewController.m */,
			);
			name = Controllers;
			sourceTree = "<group>";
		};
		3BCF1A931B4326120058AB9E /* Table Views */ = {
			isa = PBXGroup;
			children = (
				3BCF1A941B4326830058AB9E /* PhotoTableView.h */,
				3BCF1A951B4326830058AB9E /* PhotoTableView.m */,
			);
			name = "Table Views";
			sourceTree = "<group>";
		};
		3BE5D7491B3C7F8400E5E9F2 /* Core Data Models */ = {
			isa = PBXGroup;
			children = (
				3BE5D7461B3C7D2100E5E9F2 /* TimeStampModel.xcdatamodeld */,
				3B0588701B41C9980018D854 /* Photographer.h */,
				3B0588711B41C9980018D854 /* Photographer.m */,
				3BE5D74A1B3C7FA300E5E9F2 /* Photo.h */,
				3BE5D74B1B3C7FA300E5E9F2 /* Photo.m */,
			);
			name = "Core Data Models";
			sourceTree = "<group>";
		};
/* End PBXGroup section */

/* Begin PBXNativeTarget section */
		3B10AF311B3997C3004B1AF8 /* ExampleApp */ = {
			isa = PBXNativeTarget;
			buildConfigurationList = 3B10AF551B3997C3004B1AF8 /* Build configuration list for PBXNativeTarget "ExampleApp" */;
			buildPhases = (
				3B10AF2E1B3997C3004B1AF8 /* Sources */,
				3B10AF2F1B3997C3004B1AF8 /* Frameworks */,
				3B10AF301B3997C3004B1AF8 /* Resources */,
			);
			buildRules = (
			);
			dependencies = (
			);
			name = ExampleApp;
			productName = ExampleApp;
			productReference = 3B10AF321B3997C3004B1AF8 /* ExampleApp.app */;
			productType = "com.apple.product-type.application";
		};
		3B10AF4A1B3997C3004B1AF8 /* ExampleAppTests */ = {
			isa = PBXNativeTarget;
			buildConfigurationList = 3B10AF581B3997C3004B1AF8 /* Build configuration list for PBXNativeTarget "ExampleAppTests" */;
			buildPhases = (
				3B10AF471B3997C3004B1AF8 /* Sources */,
				3B10AF481B3997C3004B1AF8 /* Frameworks */,
				3B10AF491B3997C3004B1AF8 /* Resources */,
			);
			buildRules = (
			);
			dependencies = (
				3B10AF4D1B3997C3004B1AF8 /* PBXTargetDependency */,
			);
			name = ExampleAppTests;
			productName = ExampleAppTests;
			productReference = 3B10AF4B1B3997C3004B1AF8 /* ExampleAppTests.xctest */;
			productType = "com.apple.product-type.bundle.unit-test";
		};
/* End PBXNativeTarget section */

/* Begin PBXProject section */
		3B10AF2A1B3997C3004B1AF8 /* Project object */ = {
			isa = PBXProject;
			attributes = {
				LastUpgradeCheck = 0620;
				ORGANIZATIONNAME = "Mat Wszedybyl";
				TargetAttributes = {
					3B10AF311B3997C3004B1AF8 = {
						CreatedOnToolsVersion = 6.2;
						DevelopmentTeam = DYG5XF554D;
					};
					3B10AF4A1B3997C3004B1AF8 = {
						CreatedOnToolsVersion = 6.2;
						TestTargetID = 3B10AF311B3997C3004B1AF8;
					};
				};
			};
			buildConfigurationList = 3B10AF2D1B3997C3004B1AF8 /* Build configuration list for PBXProject "ExampleApp" */;
			compatibilityVersion = "Xcode 3.2";
			developmentRegion = English;
			hasScannedForEncodings = 0;
			knownRegions = (
				en,
				Base,
			);
			mainGroup = 3B10AF291B3997C3004B1AF8;
			productRefGroup = 3B10AF331B3997C3004B1AF8 /* Products */;
			projectDirPath = "";
			projectRoot = "";
			targets = (
				3B10AF311B3997C3004B1AF8 /* ExampleApp */,
				3B10AF4A1B3997C3004B1AF8 /* ExampleAppTests */,
			);
		};
/* End PBXProject section */

/* Begin PBXResourcesBuildPhase section */
		3B10AF301B3997C3004B1AF8 /* Resources */ = {
			isa = PBXResourcesBuildPhase;
			buildActionMask = 2147483647;
			files = (
				3B10AF411B3997C3004B1AF8 /* Main.storyboard in Resources */,
				3B10AF461B3997C3004B1AF8 /* LaunchScreen.xib in Resources */,
				3B10AF431B3997C3004B1AF8 /* Images.xcassets in Resources */,
			);
			runOnlyForDeploymentPostprocessing = 0;
		};
		3B10AF491B3997C3004B1AF8 /* Resources */ = {
			isa = PBXResourcesBuildPhase;
			buildActionMask = 2147483647;
			files = (
			);
			runOnlyForDeploymentPostprocessing = 0;
		};
/* End PBXResourcesBuildPhase section */

/* Begin PBXSourcesBuildPhase section */
		3B10AF2E1B3997C3004B1AF8 /* Sources */ = {
			isa = PBXSourcesBuildPhase;
			buildActionMask = 2147483647;
			files = (
				3BE5C9A31B446ADE005F63A7 /* ImageViewController.m in Sources */,
				3BE5D7481B3C7D2100E5E9F2 /* TimeStampModel.xcdatamodeld in Sources */,
				3B10AF601B39AFBF004B1AF8 /* CameraViewController.m in Sources */,
				3B10AF3E1B3997C3004B1AF8 /* ViewController.m in Sources */,
				3BE5D74C1B3C7FA300E5E9F2 /* Photo.m in Sources */,
				3B0588721B41C9980018D854 /* Photographer.m in Sources */,
				3B10AF3B1B3997C3004B1AF8 /* AppDelegate.m in Sources */,
				3BCF1A961B4326830058AB9E /* PhotoTableView.m in Sources */,
				3BCF1A8D1B42F7000058AB9E /* ViewHelper.m in Sources */,
				3B10AF381B3997C3004B1AF8 /* main.m in Sources */,
				3B0588761B41CA180018D854 /* CoreDataHelper.m in Sources */,
				3BE5D7451B3C545F00E5E9F2 /* SimpleViewController.m in Sources */,
				3B10AF5D1B399943004B1AF8 /* JumpInViewController.m in Sources */,
				3B7A25F41B3B366400C3E6A5 /* ScrollingPageViewController.m in Sources */,
				3BCF1A911B4318DE0058AB9E /* PhotoViewCell.m in Sources */,
			);
			runOnlyForDeploymentPostprocessing = 0;
		};
		3B10AF471B3997C3004B1AF8 /* Sources */ = {
			isa = PBXSourcesBuildPhase;
			buildActionMask = 2147483647;
			files = (
				3B10AF521B3997C3004B1AF8 /* ExampleAppTests.m in Sources */,
			);
			runOnlyForDeploymentPostprocessing = 0;
		};
/* End PBXSourcesBuildPhase section */

/* Begin PBXTargetDependency section */
		3B10AF4D1B3997C3004B1AF8 /* PBXTargetDependency */ = {
			isa = PBXTargetDependency;
			target = 3B10AF311B3997C3004B1AF8 /* ExampleApp */;
			targetProxy = 3B10AF4C1B3997C3004B1AF8 /* PBXContainerItemProxy */;
		};
/* End PBXTargetDependency section */

/* Begin PBXVariantGroup section */
		3B10AF3F1B3997C3004B1AF8 /* Main.storyboard */ = {
			isa = PBXVariantGroup;
			children = (
				3B10AF401B3997C3004B1AF8 /* Base */,
			);
			name = Main.storyboard;
			sourceTree = "<group>";
		};
		3B10AF441B3997C3004B1AF8 /* LaunchScreen.xib */ = {
			isa = PBXVariantGroup;
			children = (
				3B10AF451B3997C3004B1AF8 /* Base */,
			);
			name = LaunchScreen.xib;
			sourceTree = "<group>";
		};
/* End PBXVariantGroup section */

/* Begin XCBuildConfiguration section */
		3B10AF531B3997C3004B1AF8 /* Debug */ = {
			isa = XCBuildConfiguration;
			buildSettings = {
				ALWAYS_SEARCH_USER_PATHS = NO;
				CLANG_CXX_LANGUAGE_STANDARD = "gnu++0x";
				CLANG_CXX_LIBRARY = "libc++";
				CLANG_ENABLE_MODULES = YES;
				CLANG_ENABLE_OBJC_ARC = YES;
				CLANG_WARN_BOOL_CONVERSION = YES;
				CLANG_WARN_CONSTANT_CONVERSION = YES;
				CLANG_WARN_DIRECT_OBJC_ISA_USAGE = YES_ERROR;
				CLANG_WARN_EMPTY_BODY = YES;
				CLANG_WARN_ENUM_CONVERSION = YES;
				CLANG_WARN_INT_CONVERSION = YES;
				CLANG_WARN_OBJC_ROOT_CLASS = YES_ERROR;
				CLANG_WARN_UNREACHABLE_CODE = YES;
				CLANG_WARN__DUPLICATE_METHOD_MATCH = YES;
				"CODE_SIGN_IDENTITY[sdk=iphoneos*]" = "iPhone Developer";
				COPY_PHASE_STRIP = NO;
				ENABLE_STRICT_OBJC_MSGSEND = YES;
				GCC_C_LANGUAGE_STANDARD = gnu99;
				GCC_DYNAMIC_NO_PIC = NO;
				GCC_OPTIMIZATION_LEVEL = 0;
				GCC_PREPROCESSOR_DEFINITIONS = (
					"DEBUG=1",
					"$(inherited)",
				);
				GCC_SYMBOLS_PRIVATE_EXTERN = NO;
				GCC_WARN_64_TO_32_BIT_CONVERSION = YES;
				GCC_WARN_ABOUT_RETURN_TYPE = YES_ERROR;
				GCC_WARN_UNDECLARED_SELECTOR = YES;
				GCC_WARN_UNINITIALIZED_AUTOS = YES_AGGRESSIVE;
				GCC_WARN_UNUSED_FUNCTION = YES;
				GCC_WARN_UNUSED_VARIABLE = YES;
				IPHONEOS_DEPLOYMENT_TARGET = 8.2;
				MTL_ENABLE_DEBUG_INFO = YES;
				ONLY_ACTIVE_ARCH = YES;
				SDKROOT = iphoneos;
				TARGETED_DEVICE_FAMILY = "1,2";
			};
			name = Debug;
		};
		3B10AF541B3997C3004B1AF8 /* Release */ = {
			isa = XCBuildConfiguration;
			buildSettings = {
				ALWAYS_SEARCH_USER_PATHS = NO;
				CLANG_CXX_LANGUAGE_STANDARD = "gnu++0x";
				CLANG_CXX_LIBRARY = "libc++";
				CLANG_ENABLE_MODULES = YES;
				CLANG_ENABLE_OBJC_ARC = YES;
				CLANG_WARN_BOOL_CONVERSION = YES;
				CLANG_WARN_CONSTANT_CONVERSION = YES;
				CLANG_WARN_DIRECT_OBJC_ISA_USAGE = YES_ERROR;
				CLANG_WARN_EMPTY_BODY = YES;
				CLANG_WARN_ENUM_CONVERSION = YES;
				CLANG_WARN_INT_CONVERSION = YES;
				CLANG_WARN_OBJC_ROOT_CLASS = YES_ERROR;
				CLANG_WARN_UNREACHABLE_CODE = YES;
				CLANG_WARN__DUPLICATE_METHOD_MATCH = YES;
				"CODE_SIGN_IDENTITY[sdk=iphoneos*]" = "iPhone Developer";
				COPY_PHASE_STRIP = NO;
				ENABLE_NS_ASSERTIONS = NO;
				ENABLE_STRICT_OBJC_MSGSEND = YES;
				GCC_C_LANGUAGE_STANDARD = gnu99;
				GCC_WARN_64_TO_32_BIT_CONVERSION = YES;
				GCC_WARN_ABOUT_RETURN_TYPE = YES_ERROR;
				GCC_WARN_UNDECLARED_SELECTOR = YES;
				GCC_WARN_UNINITIALIZED_AUTOS = YES_AGGRESSIVE;
				GCC_WARN_UNUSED_FUNCTION = YES;
				GCC_WARN_UNUSED_VARIABLE = YES;
				IPHONEOS_DEPLOYMENT_TARGET = 8.2;
				MTL_ENABLE_DEBUG_INFO = NO;
				SDKROOT = iphoneos;
				TARGETED_DEVICE_FAMILY = "1,2";
				VALIDATE_PRODUCT = YES;
			};
			name = Release;
		};
		3B10AF561B3997C3004B1AF8 /* Debug */ = {
			isa = XCBuildConfiguration;
			buildSettings = {
				ASSETCATALOG_COMPILER_APPICON_NAME = AppIcon;
				INFOPLIST_FILE = ExampleApp/Info.plist;
				IPHONEOS_DEPLOYMENT_TARGET = 8.0;
				LD_RUNPATH_SEARCH_PATHS = "$(inherited) @executable_path/Frameworks";
				PRODUCT_NAME = "$(TARGET_NAME)";
			};
			name = Debug;
		};
		3B10AF571B3997C3004B1AF8 /* Release */ = {
			isa = XCBuildConfiguration;
			buildSettings = {
				ASSETCATALOG_COMPILER_APPICON_NAME = AppIcon;
				INFOPLIST_FILE = ExampleApp/Info.plist;
				IPHONEOS_DEPLOYMENT_TARGET = 8.0;
				LD_RUNPATH_SEARCH_PATHS = "$(inherited) @executable_path/Frameworks";
				PRODUCT_NAME = "$(TARGET_NAME)";
			};
			name = Release;
		};
		3B10AF591B3997C3004B1AF8 /* Debug */ = {
			isa = XCBuildConfiguration;
			buildSettings = {
				BUNDLE_LOADER = "$(TEST_HOST)";
				FRAMEWORK_SEARCH_PATHS = (
					"$(SDKROOT)/Developer/Library/Frameworks",
					"$(inherited)",
				);
				GCC_PREPROCESSOR_DEFINITIONS = (
					"DEBUG=1",
					"$(inherited)",
				);
				INFOPLIST_FILE = ExampleAppTests/Info.plist;
				LD_RUNPATH_SEARCH_PATHS = "$(inherited) @executable_path/Frameworks @loader_path/Frameworks";
				PRODUCT_NAME = "$(TARGET_NAME)";
				TEST_HOST = "$(BUILT_PRODUCTS_DIR)/ExampleApp.app/ExampleApp";
			};
			name = Debug;
		};
		3B10AF5A1B3997C3004B1AF8 /* Release */ = {
			isa = XCBuildConfiguration;
			buildSettings = {
				BUNDLE_LOADER = "$(TEST_HOST)";
				FRAMEWORK_SEARCH_PATHS = (
					"$(SDKROOT)/Developer/Library/Frameworks",
					"$(inherited)",
				);
				INFOPLIST_FILE = ExampleAppTests/Info.plist;
				LD_RUNPATH_SEARCH_PATHS = "$(inherited) @executable_path/Frameworks @loader_path/Frameworks";
				PRODUCT_NAME = "$(TARGET_NAME)";
				TEST_HOST = "$(BUILT_PRODUCTS_DIR)/ExampleApp.app/ExampleApp";
			};
			name = Release;
		};
/* End XCBuildConfiguration section */

/* Begin XCConfigurationList section */
		3B10AF2D1B3997C3004B1AF8 /* Build configuration list for PBXProject "ExampleApp" */ = {
			isa = XCConfigurationList;
			buildConfigurations = (
				3B10AF531B3997C3004B1AF8 /* Debug */,
				3B10AF541B3997C3004B1AF8 /* Release */,
			);
			defaultConfigurationIsVisible = 0;
			defaultConfigurationName = Release;
		};
		3B10AF551B3997C3004B1AF8 /* Build configuration list for PBXNativeTarget "ExampleApp" */ = {
			isa = XCConfigurationList;
			buildConfigurations = (
				3B10AF561B3997C3004B1AF8 /* Debug */,
				3B10AF571B3997C3004B1AF8 /* Release */,
			);
			defaultConfigurationIsVisible = 0;
			defaultConfigurationName = Release;
		};
		3B10AF581B3997C3004B1AF8 /* Build configuration list for PBXNativeTarget "ExampleAppTests" */ = {
			isa = XCConfigurationList;
			buildConfigurations = (
				3B10AF591B3997C3004B1AF8 /* Debug */,
				3B10AF5A1B3997C3004B1AF8 /* Release */,
			);
			defaultConfigurationIsVisible = 0;
			defaultConfigurationName = Release;
		};
/* End XCConfigurationList section */

/* Begin XCVersionGroup section */
		3BE5D7461B3C7D2100E5E9F2 /* TimeStampModel.xcdatamodeld */ = {
			isa = XCVersionGroup;
			children = (
				3BE5D7471B3C7D2100E5E9F2 /* TimeStampModel.xcdatamodel */,
			);
			currentVersion = 3BE5D7471B3C7D2100E5E9F2 /* TimeStampModel.xcdatamodel */;
			name = TimeStampModel.xcdatamodeld;
			path = ../TimeStampModel.xcdatamodeld;
			sourceTree = "<group>";
			versionGroupType = wrapper.xcdatamodel;
		};
/* End XCVersionGroup section */
	};
	rootObject = 3B10AF2A1B3997C3004B1AF8 /* Project object */;
}
